
Microsoft Visual Studio Solution File, Format Version 12.00
# Visual Studio 15
VisualStudioVersion = 15.0.27703.2026
MinimumVisualStudioVersion = 10.0.40219.1
Project("{FAE04EC0-301F-11D3-BF4B-00C04F79EFBC}") = "WindowsFormsApp3", "WindowsFormsApp3\WindowsFormsApp3.csproj", "{67157BA9-7FA5-4736-8D64-0F9975680B0D}"
EndProject
Global
	GlobalSection(SolutionConfigurationPlatforms) = preSolution
		Debug|Any CPU = Debug|Any CPU
		Release|Any CPU = Release|Any CPU
	EndGlobalSection
	GlobalSection(ProjectConfigurationPlatforms) = postSolution
		{67157BA9-7FA5-4736-8D64-0F9975680B0D}.Debug|Any CPU.ActiveCfg = Debug|Any CPU
		{67157BA9-7FA5-4736-8D64-0F9975680B0D}.Debug|Any CPU.Build.0 = Debug|Any CPU
		{67157BA9-7FA5-4736-8D64-0F9975680B0D}.Release|Any CPU.ActiveCfg = Release|Any CPU
		{67157BA9-7FA5-4736-8D64-0F9975680B0D}.Release|Any CPU.Build.0 = Release|Any CPU
	EndGlobalSection
	GlobalSection(SolutionProperties) = preSolution
		HideSolutionNode = FALSE
	EndGlobalSection
	GlobalSection(ExtensibilityGlobals) = postSolution
		SolutionGuid = {6B07F391-A84A-4F03-BE98-0258E7BE6DE8}
	EndGlobalSection
EndGlobal
